// !$*UTF8*$!
{
	archiveVersion = 1;
	classes = {
	};
	objectVersion = 52;
	objects = {

/* Begin PBXBuildFile section */
		5EE25DC026C961AE009B8ADC /* AppDelegate.swift in Sources */ = {isa = PBXBuildFile; fileRef = 5EE25DBF26C961AE009B8ADC /* AppDelegate.swift */; };
		5EE25DC226C961AE009B8ADC /* SceneDelegate.swift in Sources */ = {isa = PBXBuildFile; fileRef = 5EE25DC126C961AE009B8ADC /* SceneDelegate.swift */; };
		5EE25DC426C961AE009B8ADC /* ContentView.swift in Sources */ = {isa = PBXBuildFile; fileRef = 5EE25DC326C961AE009B8ADC /* ContentView.swift */; };
		5EE25DC626C961AF009B8ADC /* Assets.xcassets in Resources */ = {isa = PBXBuildFile; fileRef = 5EE25DC526C961AF009B8ADC /* Assets.xcassets */; };
		5EE25DC926C961AF009B8ADC /* Preview Assets.xcassets in Resources */ = {isa = PBXBuildFile; fileRef = 5EE25DC826C961AF009B8ADC /* Preview Assets.xcassets */; };
		5EE25DCC26C961AF009B8ADC /* LaunchScreen.storyboard in Resources */ = {isa = PBXBuildFile; fileRef = 5EE25DCA26C961AF009B8ADC /* LaunchScreen.storyboard */; };
		5EE25DD526C9620E009B8ADC /* Realm in Frameworks */ = {isa = PBXBuildFile; productRef = 5EE25DD426C9620E009B8ADC /* Realm */; };
		5EE25DD726C9620E009B8ADC /* RealmSwift in Frameworks */ = {isa = PBXBuildFile; productRef = 5EE25DD626C9620E009B8ADC /* RealmSwift */; };
		5EE25DDA26C9626A009B8ADC /* Item.swift in Sources */ = {isa = PBXBuildFile; fileRef = 5EE25DD926C9626A009B8ADC /* Item.swift */; };
		5EE25DDD26C96384009B8ADC /* ItemViewModel.swift in Sources */ = {isa = PBXBuildFile; fileRef = 5EE25DDC26C96384009B8ADC /* ItemViewModel.swift */; };
		5EE25DE226C9F5F1009B8ADC /* AddItemView.swift in Sources */ = {isa = PBXBuildFile; fileRef = 5EE25DE126C9F5F1009B8ADC /* AddItemView.swift */; };
		5EE25DE426CAAED9009B8ADC /* HomeView.swift in Sources */ = {isa = PBXBuildFile; fileRef = 5EE25DE326CAAED9009B8ADC /* HomeView.swift */; };
/* End PBXBuildFile section */

/* Begin PBXFileReference section */
		5EE25DBC26C961AE009B8ADC /* TodoAppWithRealm.app */ = {isa = PBXFileReference; explicitFileType = wrapper.application; includeInIndex = 0; path = TodoAppWithRealm.app; sourceTree = BUILT_PRODUCTS_DIR; };
		5EE25DBF26C961AE009B8ADC /* AppDelegate.swift */ = {isa = PBXFileReference; lastKnownFileType = sourcecode.swift; path = AppDelegate.swift; sourceTree = "<group>"; };
		5EE25DC126C961AE009B8ADC /* SceneDelegate.swift */ = {isa = PBXFileReference; lastKnownFileType = sourcecode.swift; path = SceneDelegate.swift; sourceTree = "<group>"; };
		5EE25DC326C961AE009B8ADC /* ContentView.swift */ = {isa = PBXFileReference; lastKnownFileType = sourcecode.swift; path = ContentView.swift; sourceTree = "<group>"; };
		5EE25DC526C961AF009B8ADC /* Assets.xcassets */ = {isa = PBXFileReference; lastKnownFileType = folder.assetcatalog; path = Assets.xcassets; sourceTree = "<group>"; };
		5EE25DC826C961AF009B8ADC /* Preview Assets.xcassets */ = {isa = PBXFileReference; lastKnownFileType = folder.assetcatalog; path = "Preview Assets.xcassets"; sourceTree = "<group>"; };
		5EE25DCB26C961AF009B8ADC /* Base */ = {isa = PBXFileReference; lastKnownFileType = file.storyboard; name = Base; path = Base.lproj/LaunchScreen.storyboard; sourceTree = "<group>"; };
		5EE25DCD26C961AF009B8ADC /* Info.plist */ = {isa = PBXFileReference; lastKnownFileType = text.plist.xml; path = Info.plist; sourceTree = "<group>"; };
		5EE25DD926C9626A009B8ADC /* Item.swift */ = {isa = PBXFileReference; lastKnownFileType = sourcecode.swift; path = Item.swift; sourceTree = "<group>"; };
		5EE25DDC26C96384009B8ADC /* ItemViewModel.swift */ = {isa = PBXFileReference; lastKnownFileType = sourcecode.swift; path = ItemViewModel.swift; sourceTree = "<group>"; };
		5EE25DE126C9F5F1009B8ADC /* AddItemView.swift */ = {isa = PBXFileReference; lastKnownFileType = sourcecode.swift; path = AddItemView.swift; sourceTree = "<group>"; };
		5EE25DE326CAAED9009B8ADC /* HomeView.swift */ = {isa = PBXFileReference; lastKnownFileType = sourcecode.swift; path = HomeView.swift; sourceTree = "<group>"; };
/* End PBXFileReference section */

/* Begin PBXFrameworksBuildPhase section */
		5EE25DB926C961AE009B8ADC /* Frameworks */ = {
			isa = PBXFrameworksBuildPhase;
			buildActionMask = 2147483647;
			files = (
				5EE25DD726C9620E009B8ADC /* RealmSwift in Frameworks */,
				5EE25DD526C9620E009B8ADC /* Realm in Frameworks */,
			);
			runOnlyForDeploymentPostprocessing = 0;
		};
/* End PBXFrameworksBuildPhase section */

/* Begin PBXGroup section */
		5EE25DB326C961AE009B8ADC = {
			isa = PBXGroup;
			children = (
				5EE25DBE26C961AE009B8ADC /* TodoAppWithRealm */,
				5EE25DBD26C961AE009B8ADC /* Products */,
			);
			sourceTree = "<group>";
		};
		5EE25DBD26C961AE009B8ADC /* Products */ = {
			isa = PBXGroup;
			children = (
				5EE25DBC26C961AE009B8ADC /* TodoAppWithRealm.app */,
			);
			name = Products;
			sourceTree = "<group>";
		};
		5EE25DBE26C961AE009B8ADC /* TodoAppWithRealm */ = {
			isa = PBXGroup;
			children = (
				5EE25DDE26C9F5A9009B8ADC /* Views */,
				5EE25DDB26C9635C009B8ADC /* ViewModel */,
				5EE25DD826C9622B009B8ADC /* Models */,
				5EE25DBF26C961AE009B8ADC /* AppDelegate.swift */,
				5EE25DC126C961AE009B8ADC /* SceneDelegate.swift */,
				5EE25DC326C961AE009B8ADC /* ContentView.swift */,
				5EE25DC526C961AF009B8ADC /* Assets.xcassets */,
				5EE25DCA26C961AF009B8ADC /* LaunchScreen.storyboard */,
				5EE25DCD26C961AF009B8ADC /* Info.plist */,
				5EE25DC726C961AF009B8ADC /* Preview Content */,
			);
			path = TodoAppWithRealm;
			sourceTree = "<group>";
		};
		5EE25DC726C961AF009B8ADC /* Preview Content */ = {
			isa = PBXGroup;
			children = (
				5EE25DC826C961AF009B8ADC /* Preview Assets.xcassets */,
			);
			path = "Preview Content";
			sourceTree = "<group>";
		};
		5EE25DD826C9622B009B8ADC /* Models */ = {
			isa = PBXGroup;
			children = (
				5EE25DD926C9626A009B8ADC /* Item.swift */,
			);
			path = Models;
			sourceTree = "<group>";
		};
		5EE25DDB26C9635C009B8ADC /* ViewModel */ = {
			isa = PBXGroup;
			children = (
				5EE25DDC26C96384009B8ADC /* ItemViewModel.swift */,
			);
			path = ViewModel;
			sourceTree = "<group>";
		};
		5EE25DDE26C9F5A9009B8ADC /* Views */ = {
			isa = PBXGroup;
			children = (
				5EE25DE126C9F5F1009B8ADC /* AddItemView.swift */,
				5EE25DE326CAAED9009B8ADC /* HomeView.swift */,
			);
			path = Views;
			sourceTree = "<group>";
		};
/* End PBXGroup section */

/* Begin PBXNativeTarget section */
		5EE25DBB26C961AE009B8ADC /* TodoAppWithRealm */ = {
			isa = PBXNativeTarget;
			buildConfigurationList = 5EE25DD026C961AF009B8ADC /* Build configuration list for PBXNativeTarget "TodoAppWithRealm" */;
			buildPhases = (
				5EE25DB826C961AE009B8ADC /* Sources */,
				5EE25DB926C961AE009B8ADC /* Frameworks */,
				5EE25DBA26C961AE009B8ADC /* Resources */,
			);
			buildRules = (
			);
			dependencies = (
			);
			name = TodoAppWithRealm;
			packageProductDependencies = (
				5EE25DD426C9620E009B8ADC /* Realm */,
				5EE25DD626C9620E009B8ADC /* RealmSwift */,
			);
			productName = TodoAppWithRealm;
			productReference = 5EE25DBC26C961AE009B8ADC /* TodoAppWithRealm.app */;
			productType = "com.apple.product-type.application";
		};
/* End PBXNativeTarget section */

/* Begin PBXProject section */
		5EE25DB426C961AE009B8ADC /* Project object */ = {
			isa = PBXProject;
			attributes = {
				LastSwiftUpdateCheck = 1250;
				LastUpgradeCheck = 1250;
				TargetAttributes = {
					5EE25DBB26C961AE009B8ADC = {
						CreatedOnToolsVersion = 12.5.1;
					};
				};
			};
			buildConfigurationList = 5EE25DB726C961AE009B8ADC /* Build configuration list for PBXProject "TodoAppWithRealm" */;
			compatibilityVersion = "Xcode 9.3";
			developmentRegion = en;
			hasScannedForEncodings = 0;
			knownRegions = (
				en,
				Base,
			);
			mainGroup = 5EE25DB326C961AE009B8ADC;
			packageReferences = (
				5EE25DD326C9620E009B8ADC /* XCRemoteSwiftPackageReference "realm-cocoa" */,
			);
			productRefGroup = 5EE25DBD26C961AE009B8ADC /* Products */;
			projectDirPath = "";
			projectRoot = "";
			targets = (
				5EE25DBB26C961AE009B8ADC /* TodoAppWithRealm */,
			);
		};
/* End PBXProject section */

/* Begin PBXResourcesBuildPhase section */
		5EE25DBA26C961AE009B8ADC /* Resources */ = {
			isa = PBXResourcesBuildPhase;
			buildActionMask = 2147483647;
			files = (
				5EE25DCC26C961AF009B8ADC /* LaunchScreen.storyboard in Resources */,
				5EE25DC926C961AF009B8ADC /* Preview Assets.xcassets in Resources */,
				5EE25DC626C961AF009B8ADC /* Assets.xcassets in Resources */,
			);
			runOnlyForDeploymentPostprocessing = 0;
		};
/* End PBXResourcesBuildPhase section */

/* Begin PBXSourcesBuildPhase section */
		5EE25DB826C961AE009B8ADC /* Sources */ = {
			isa = PBXSourcesBuildPhase;
			buildActionMask = 2147483647;
			files = (
				5EE25DDA26C9626A009B8ADC /* Item.swift in Sources */,
				5EE25DE426CAAED9009B8ADC /* HomeView.swift in Sources */,
				5EE25DE226C9F5F1009B8ADC /* AddItemView.swift in Sources */,
				5EE25DC026C961AE009B8ADC /* AppDelegate.swift in Sources */,
				5EE25DC226C961AE009B8ADC /* SceneDelegate.swift in Sources */,
				5EE25DDD26C96384009B8ADC /* ItemViewModel.swift in Sources */,
				5EE25DC426C961AE009B8ADC /* ContentView.swift in Sources */,
			);
			runOnlyForDeploymentPostprocessing = 0;
		};
/* End PBXSourcesBuildPhase section */

/* Begin PBXVariantGroup section */
		5EE25DCA26C961AF009B8ADC /* LaunchScreen.storyboard */ = {
			isa = PBXVariantGroup;
			children = (
				5EE25DCB26C961AF009B8ADC /* Base */,
			);
			name = LaunchScreen.storyboard;
			sourceTree = "<group>";
		};
/* End PBXVariantGroup section */

/* Begin XCBuildConfiguration section */
		5EE25DCE26C961AF009B8ADC /* Debug */ = {
			isa = XCBuildConfiguration;
			buildSettings = {
				ALWAYS_SEARCH_USER_PATHS = NO;
				CLANG_ANALYZER_NONNULL = YES;
				CLANG_ANALYZER_NUMBER_OBJECT_CONVERSION = YES_AGGRESSIVE;
				CLANG_CXX_LANGUAGE_STANDARD = "gnu++14";
				CLANG_CXX_LIBRARY = "libc++";
				CLANG_ENABLE_MODULES = YES;
				CLANG_ENABLE_OBJC_ARC = YES;
				CLANG_ENABLE_OBJC_WEAK = YES;
				CLANG_WARN_BLOCK_CAPTURE_AUTORELEASING = YES;
				CLANG_WARN_BOOL_CONVERSION = YES;
				CLANG_WARN_COMMA = YES;
				CLANG_WARN_CONSTANT_CONVERSION = YES;
				CLANG_WARN_DEPRECATED_OBJC_IMPLEMENTATIONS = YES;
				CLANG_WARN_DIRECT_OBJC_ISA_USAGE = YES_ERROR;
				CLANG_WARN_DOCUMENTATION_COMMENTS = YES;
				CLANG_WARN_EMPTY_BODY = YES;
				CLANG_WARN_ENUM_CONVERSION = YES;
				CLANG_WARN_INFINITE_RECURSION = YES;
				CLANG_WARN_INT_CONVERSION = YES;
				CLANG_WARN_NON_LITERAL_NULL_CONVERSION = YES;
				CLANG_WARN_OBJC_IMPLICIT_RETAIN_SELF = YES;
				CLANG_WARN_OBJC_LITERAL_CONVERSION = YES;
				CLANG_WARN_OBJC_ROOT_CLASS = YES_ERROR;
				CLANG_WARN_QUOTED_INCLUDE_IN_FRAMEWORK_HEADER = YES;
				CLANG_WARN_RANGE_LOOP_ANALYSIS = YES;
				CLANG_WARN_STRICT_PROTOTYPES = YES;
				CLANG_WARN_SUSPICIOUS_MOVE = YES;
				CLANG_WARN_UNGUARDED_AVAILABILITY = YES_AGGRESSIVE;
				CLANG_WARN_UNREACHABLE_CODE = YES;
				CLANG_WARN__DUPLICATE_METHOD_MATCH = YES;
				COPY_PHASE_STRIP = NO;
				DEBUG_INFORMATION_FORMAT = dwarf;
				ENABLE_STRICT_OBJC_MSGSEND = YES;
				ENABLE_TESTABILITY = YES;
				GCC_C_LANGUAGE_STANDARD = gnu11;
				GCC_DYNAMIC_NO_PIC = NO;
				GCC_NO_COMMON_BLOCKS = YES;
				GCC_OPTIMIZATION_LEVEL = 0;
				GCC_PREPROCESSOR_DEFINITIONS = (
					"DEBUG=1",
					"$(inherited)",
				);
				GCC_WARN_64_TO_32_BIT_CONVERSION = YES;
				GCC_WARN_ABOUT_RETURN_TYPE = YES_ERROR;
				GCC_WARN_UNDECLARED_SELECTOR = YES;
				GCC_WARN_UNINITIALIZED_AUTOS = YES_AGGRESSIVE;
				GCC_WARN_UNUSED_FUNCTION = YES;
				GCC_WARN_UNUSED_VARIABLE = YES;
				IPHONEOS_DEPLOYMENT_TARGET = 14.5;
				MTL_ENABLE_DEBUG_INFO = INCLUDE_SOURCE;
				MTL_FAST_MATH = YES;
				ONLY_ACTIVE_ARCH = YES;
				SDKROOT = iphoneos;
				SWIFT_ACTIVE_COMPILATION_CONDITIONS = DEBUG;
				SWIFT_OPTIMIZATION_LEVEL = "-Onone";
			};
			name = Debug;
		};
		5EE25DCF26C961AF009B8ADC /* Release */ = {
			isa = XCBuildConfiguration;
			buildSettings = {
				ALWAYS_SEARCH_USER_PATHS = NO;
				CLANG_ANALYZER_NONNULL = YES;
				CLANG_ANALYZER_NUMBER_OBJECT_CONVERSION = YES_AGGRESSIVE;
				CLANG_CXX_LANGUAGE_STANDARD = "gnu++14";
				CLANG_CXX_LIBRARY = "libc++";
				CLANG_ENABLE_MODULES = YES;
				CLANG_ENABLE_OBJC_ARC = YES;
				CLANG_ENABLE_OBJC_WEAK = YES;
				CLANG_WARN_BLOCK_CAPTURE_AUTORELEASING = YES;
				CLANG_WARN_BOOL_CONVERSION = YES;
				CLANG_WARN_COMMA = YES;
				CLANG_WARN_CONSTANT_CONVERSION = YES;
				CLANG_WARN_DEPRECATED_OBJC_IMPLEMENTATIONS = YES;
				CLANG_WARN_DIRECT_OBJC_ISA_USAGE = YES_ERROR;
				CLANG_WARN_DOCUMENTATION_COMMENTS = YES;
				CLANG_WARN_EMPTY_BODY = YES;
				CLANG_WARN_ENUM_CONVERSION = YES;
				CLANG_WARN_INFINITE_RECURSION = YES;
				CLANG_WARN_INT_CONVERSION = YES;
				CLANG_WARN_NON_LITERAL_NULL_CONVERSION = YES;
				CLANG_WARN_OBJC_IMPLICIT_RETAIN_SELF = YES;
				CLANG_WARN_OBJC_LITERAL_CONVERSION = YES;
				CLANG_WARN_OBJC_ROOT_CLASS = YES_ERROR;
				CLANG_WARN_QUOTED_INCLUDE_IN_FRAMEWORK_HEADER = YES;
				CLANG_WARN_RANGE_LOOP_ANALYSIS = YES;
				CLANG_WARN_STRICT_PROTOTYPES = YES;
				CLANG_WARN_SUSPICIOUS_MOVE = YES;
				CLANG_WARN_UNGUARDED_AVAILABILITY = YES_AGGRESSIVE;
				CLANG_WARN_UNREACHABLE_CODE = YES;
				CLANG_WARN__DUPLICATE_METHOD_MATCH = YES;
				COPY_PHASE_STRIP = NO;
				DEBUG_INFORMATION_FORMAT = "dwarf-with-dsym";
				ENABLE_NS_ASSERTIONS = NO;
				ENABLE_STRICT_OBJC_MSGSEND = YES;
				GCC_C_LANGUAGE_STANDARD = gnu11;
				GCC_NO_COMMON_BLOCKS = YES;
				GCC_WARN_64_TO_32_BIT_CONVERSION = YES;
				GCC_WARN_ABOUT_RETURN_TYPE = YES_ERROR;
				GCC_WARN_UNDECLARED_SELECTOR = YES;
				GCC_WARN_UNINITIALIZED_AUTOS = YES_AGGRESSIVE;
				GCC_WARN_UNUSED_FUNCTION = YES;
				GCC_WARN_UNUSED_VARIABLE = YES;
				IPHONEOS_DEPLOYMENT_TARGET = 14.5;
				MTL_ENABLE_DEBUG_INFO = NO;
				MTL_FAST_MATH = YES;
				SDKROOT = iphoneos;
				SWIFT_COMPILATION_MODE = wholemodule;
				SWIFT_OPTIMIZATION_LEVEL = "-O";
				VALIDATE_PRODUCT = YES;
			};
			name = Release;
		};
		5EE25DD126C961AF009B8ADC /* Debug */ = {
			isa = XCBuildConfiguration;
			buildSettings = {
				ASSETCATALOG_COMPILER_APPICON_NAME = AppIcon;
				ASSETCATALOG_COMPILER_GLOBAL_ACCENT_COLOR_NAME = AccentColor;
				CODE_SIGN_STYLE = Automatic;
				DEVELOPMENT_ASSET_PATHS = "\"TodoAppWithRealm/Preview Content\"";
				DEVELOPMENT_TEAM = BMTCA3DJY6;
				ENABLE_PREVIEWS = YES;
				INFOPLIST_FILE = TodoAppWithRealm/Info.plist;
				LD_RUNPATH_SEARCH_PATHS = (
					"$(inherited)",
					"@executable_path/Frameworks",
				);
				PRODUCT_BUNDLE_IDENTIFIER = com.sat.TodoAppWithRealm;
				PRODUCT_NAME = "$(TARGET_NAME)";
				SWIFT_VERSION = 5.0;
				TARGETED_DEVICE_FAMILY = "1,2";
			};
			name = Debug;
		};
		5EE25DD226C961AF009B8ADC /* Release */ = {
			isa = XCBuildConfiguration;
			buildSettings = {
				ASSETCATALOG_COMPILER_APPICON_NAME = AppIcon;
				ASSETCATALOG_COMPILER_GLOBAL_ACCENT_COLOR_NAME = AccentColor;
				CODE_SIGN_STYLE = Automatic;
				DEVELOPMENT_ASSET_PATHS = "\"TodoAppWithRealm/Preview Content\"";
				DEVELOPMENT_TEAM = BMTCA3DJY6;
				ENABLE_PREVIEWS = YES;
				INFOPLIST_FILE = TodoAppWithRealm/Info.plist;
				LD_RUNPATH_SEARCH_PATHS = (
					"$(inherited)",
					"@executable_path/Frameworks",
				);
				PRODUCT_BUNDLE_IDENTIFIER = com.sat.TodoAppWithRealm;
				PRODUCT_NAME = "$(TARGET_NAME)";
				SWIFT_VERSION = 5.0;
				TARGETED_DEVICE_FAMILY = "1,2";
			};
			name = Release;
		};
/* End XCBuildConfiguration section */

/* Begin XCConfigurationList section */
		5EE25DB726C961AE009B8ADC /* Build configuration list for PBXProject "TodoAppWithRealm" */ = {
			isa = XCConfigurationList;
			buildConfigurations = (
				5EE25DCE26C961AF009B8ADC /* Debug */,
				5EE25DCF26C961AF009B8ADC /* Release */,
			);
			defaultConfigurationIsVisible = 0;
			defaultConfigurationName = Release;
		};
		5EE25DD026C961AF009B8ADC /* Build configuration list for PBXNativeTarget "TodoAppWithRealm" */ = {
			isa = XCConfigurationList;
			buildConfigurations = (
				5EE25DD126C961AF009B8ADC /* Debug */,
				5EE25DD226C961AF009B8ADC /* Release */,
			);
			defaultConfigurationIsVisible = 0;
			defaultConfigurationName = Release;
		};
/* End XCConfigurationList section */

/* Begin XCRemoteSwiftPackageReference section */
		5EE25DD326C9620E009B8ADC /* XCRemoteSwiftPackageReference "realm-cocoa" */ = {
			isa = XCRemoteSwiftPackageReference;
			repositoryURL = "https://github.com/realm/realm-cocoa.git";
			requirement = {
				kind = upToNextMajorVersion;
				minimumVersion = 10.12.0;
			};
		};
/* End XCRemoteSwiftPackageReference section */

/* Begin XCSwiftPackageProductDependency section */
		5EE25DD426C9620E009B8ADC /* Realm */ = {
			isa = XCSwiftPackageProductDependency;
			package = 5EE25DD326C9620E009B8ADC /* XCRemoteSwiftPackageReference "realm-cocoa" */;
			productName = Realm;
		};
		5EE25DD626C9620E009B8ADC /* RealmSwift */ = {
			isa = XCSwiftPackageProductDependency;
			package = 5EE25DD326C9620E009B8ADC /* XCRemoteSwiftPackageReference "realm-cocoa" */;
			productName = RealmSwift;
		};
/* End XCSwiftPackageProductDependency section */
	};
	rootObject = 5EE25DB426C961AE009B8ADC /* Project object */;
}
